{
  "name": "-FP-Eek-git.github.io",
  "lockfileVersion": 2,
  "requires": true,
  "packages": {
    "": {
      "dependencies": {
        "@fortawesome/fontawesome-free": "^5.15.4",
        "bootstrap5": "^1.1.9"
      }
    },
    "node_modules/@fortawesome/fontawesome-free": {
      "version": "5.15.4",
      "resolved": "https://registry.npmjs.org/@fortawesome/fontawesome-free/-/fontawesome-free-5.15.4.tgz",
      "integrity": "sha512-eYm8vijH/hpzr/6/1CJ/V/Eb1xQFW2nnUKArb3z+yUWv7HTwj6M7SP957oMjfZjAHU6qpoNc2wQvIxBLWYa/Jg==",
      "hasInstallScript": true,
      "engines": {
        "node": ">=6"
      }
    },
    "node_modules/bootstrap5": {
      "version": "1.1.9",
      "resolved": "https://registry.npmjs.org/bootstrap5/-/bootstrap5-1.1.9.tgz",
      "integrity": "sha512-XZSujP1vsslV7iUgPHRLobe+rL7pYUvZaK2Erk0r45m00cQZz/No3Ua7cenlCFLN+gOMEWYU+ipa8Ktzz79oVA=="
    }
  },
  "dependencies": {
    "@fortawesome/fontawesome-free": {
      "version": "5.15.4",
      "resolved": "https://registry.npmjs.org/@fortawesome/fontawesome-free/-/fontawesome-free-5.15.4.tgz",
      "integrity": "sha512-eYm8vijH/hpzr/6/1CJ/V/Eb1xQFW2nnUKArb3z+yUWv7HTwj6M7SP957oMjfZjAHU6qpoNc2wQvIxBLWYa/Jg=="
    },
    "bootstrap5": {
      "version": "1.1.9",
      "resolved": "https://registry.npmjs.org/bootstrap5/-/bootstrap5-1.1.9.tgz",
      "integrity": "sha512-XZSujP1vsslV7iUgPHRLobe+rL7pYUvZaK2Erk0r45m00cQZz/No3Ua7cenlCFLN+gOMEWYU+ipa8Ktzz79oVA=="
    }
  }
}
